// !$*UTF8*$!
{
	archiveVersion = 1;
	classes = {
	};
	objectVersion = 50;
	objects = {

/* Begin PBXBuildFile section */
		742B25F8F41F5A1926B9C2F7 /* Pods_flix_demo_03Tests.framework in Frameworks */ = {isa = PBXBuildFile; fileRef = CDA511628909CB0E87CF4D66 /* Pods_flix_demo_03Tests.framework */; };
		8609AB842166DA91009DCD54 /* Movie.swift in Sources */ = {isa = PBXBuildFile; fileRef = 8609AB832166DA91009DCD54 /* Movie.swift */; };
		862652DB2206455600796F7D /* YouTubeTrailerViewController.swift in Sources */ = {isa = PBXBuildFile; fileRef = 862652DA2206455600796F7D /* YouTubeTrailerViewController.swift */; };
		862652DD2207A93B00796F7D /* IMDB.swift in Sources */ = {isa = PBXBuildFile; fileRef = 862652DC2207A93B00796F7D /* IMDB.swift */; };
		8636B52E213A5E5400DA3684 /* AppDelegate.swift in Sources */ = {isa = PBXBuildFile; fileRef = 8636B52D213A5E5400DA3684 /* AppDelegate.swift */; };
		8636B533213A5E5400DA3684 /* Main.storyboard in Resources */ = {isa = PBXBuildFile; fileRef = 8636B531213A5E5400DA3684 /* Main.storyboard */; };
		8636B535213A5E5700DA3684 /* Assets.xcassets in Resources */ = {isa = PBXBuildFile; fileRef = 8636B534213A5E5700DA3684 /* Assets.xcassets */; };
		8636B538213A5E5700DA3684 /* LaunchScreen.storyboard in Resources */ = {isa = PBXBuildFile; fileRef = 8636B536213A5E5700DA3684 /* LaunchScreen.storyboard */; };
		8636B543213A5E5700DA3684 /* flix_demo_03Tests.swift in Sources */ = {isa = PBXBuildFile; fileRef = 8636B542213A5E5700DA3684 /* flix_demo_03Tests.swift */; };
		8636B54E213A5E5700DA3684 /* flix_demo_03UITests.swift in Sources */ = {isa = PBXBuildFile; fileRef = 8636B54D213A5E5700DA3684 /* flix_demo_03UITests.swift */; };
		8684117F2150177400EDF165 /* DetailViewController.swift in Sources */ = {isa = PBXBuildFile; fileRef = 8684117E2150177400EDF165 /* DetailViewController.swift */; };
		86CC8E21214727E100CDE29C /* MovieCell.swift in Sources */ = {isa = PBXBuildFile; fileRef = 86CC8E20214727E100CDE29C /* MovieCell.swift */; };
		86CC8E2521476B0100CDE29C /* NowPlayingViewControllerCollectionViewController.swift in Sources */ = {isa = PBXBuildFile; fileRef = 86CC8E2421476B0100CDE29C /* NowPlayingViewControllerCollectionViewController.swift */; };
		86EEA03D21530261007A397E /* PosterCell.swift in Sources */ = {isa = PBXBuildFile; fileRef = 86EEA03C21530261007A397E /* PosterCell.swift */; };
		86EEA03F215302E8007A397E /* GridViewController.swift in Sources */ = {isa = PBXBuildFile; fileRef = 86EEA03E215302E8007A397E /* GridViewController.swift */; };
		C8F4A4DCB18BC995649DE801 /* Pods_flix_demo_03UITests.framework in Frameworks */ = {isa = PBXBuildFile; fileRef = 93CFFADAF7F1CF639370AB4D /* Pods_flix_demo_03UITests.framework */; };
		F98E6CBB5A50FAA94D5344C5 /* Pods_flix_demo_03.framework in Frameworks */ = {isa = PBXBuildFile; fileRef = 2CCF09EE4E05097F0711CDF9 /* Pods_flix_demo_03.framework */; };
/* End PBXBuildFile section */

/* Begin PBXContainerItemProxy section */
		8636B53F213A5E5700DA3684 /* PBXContainerItemProxy */ = {
			isa = PBXContainerItemProxy;
			containerPortal = 8636B522213A5E5400DA3684 /* Project object */;
			proxyType = 1;
			remoteGlobalIDString = 8636B529213A5E5400DA3684;
			remoteInfo = flix_demo_03;
		};
		8636B54A213A5E5700DA3684 /* PBXContainerItemProxy */ = {
			isa = PBXContainerItemProxy;
			containerPortal = 8636B522213A5E5400DA3684 /* Project object */;
			proxyType = 1;
			remoteGlobalIDString = 8636B529213A5E5400DA3684;
			remoteInfo = flix_demo_03;
		};
/* End PBXContainerItemProxy section */

/* Begin PBXFileReference section */
		1F01F9DD230B9E600FF5B930 /* Pods-flix_demo_03.debug.xcconfig */ = {isa = PBXFileReference; includeInIndex = 1; lastKnownFileType = text.xcconfig; name = "Pods-flix_demo_03.debug.xcconfig"; path = "Pods/Target Support Files/Pods-flix_demo_03/Pods-flix_demo_03.debug.xcconfig"; sourceTree = "<group>"; };
		2CCF09EE4E05097F0711CDF9 /* Pods_flix_demo_03.framework */ = {isa = PBXFileReference; explicitFileType = wrapper.framework; includeInIndex = 0; path = Pods_flix_demo_03.framework; sourceTree = BUILT_PRODUCTS_DIR; };
		78052496BE006FB2338C38BB /* Pods-flix_demo_03Tests.debug.xcconfig */ = {isa = PBXFileReference; includeInIndex = 1; lastKnownFileType = text.xcconfig; name = "Pods-flix_demo_03Tests.debug.xcconfig"; path = "Pods/Target Support Files/Pods-flix_demo_03Tests/Pods-flix_demo_03Tests.debug.xcconfig"; sourceTree = "<group>"; };
		83C5EE7C0D6B99ED7236C2DD /* Pods-flix_demo_03UITests.debug.xcconfig */ = {isa = PBXFileReference; includeInIndex = 1; lastKnownFileType = text.xcconfig; name = "Pods-flix_demo_03UITests.debug.xcconfig"; path = "Pods/Target Support Files/Pods-flix_demo_03UITests/Pods-flix_demo_03UITests.debug.xcconfig"; sourceTree = "<group>"; };
		859AB3E1F4DEAE6CEADCB7D4 /* Pods-flix_demo_03UITests.release.xcconfig */ = {isa = PBXFileReference; includeInIndex = 1; lastKnownFileType = text.xcconfig; name = "Pods-flix_demo_03UITests.release.xcconfig"; path = "Pods/Target Support Files/Pods-flix_demo_03UITests/Pods-flix_demo_03UITests.release.xcconfig"; sourceTree = "<group>"; };
		8609AB832166DA91009DCD54 /* Movie.swift */ = {isa = PBXFileReference; lastKnownFileType = sourcecode.swift; path = Movie.swift; sourceTree = "<group>"; };
		86134178214877150035B3FB /* en */ = {isa = PBXFileReference; lastKnownFileType = file.storyboard; name = en; path = en.lproj/Main.storyboard; sourceTree = "<group>"; };
		862652DA2206455600796F7D /* YouTubeTrailerViewController.swift */ = {isa = PBXFileReference; lastKnownFileType = sourcecode.swift; path = YouTubeTrailerViewController.swift; sourceTree = "<group>"; };
		862652DC2207A93B00796F7D /* IMDB.swift */ = {isa = PBXFileReference; lastKnownFileType = sourcecode.swift; path = IMDB.swift; sourceTree = "<group>"; };
		8636B52A213A5E5400DA3684 /* flix_demo_03.app */ = {isa = PBXFileReference; explicitFileType = wrapper.application; includeInIndex = 0; path = flix_demo_03.app; sourceTree = BUILT_PRODUCTS_DIR; };
		8636B52D213A5E5400DA3684 /* AppDelegate.swift */ = {isa = PBXFileReference; lastKnownFileType = sourcecode.swift; path = AppDelegate.swift; sourceTree = "<group>"; };
		8636B534213A5E5700DA3684 /* Assets.xcassets */ = {isa = PBXFileReference; lastKnownFileType = folder.assetcatalog; path = Assets.xcassets; sourceTree = "<group>"; };
		8636B537213A5E5700DA3684 /* Base */ = {isa = PBXFileReference; lastKnownFileType = file.storyboard; name = Base; path = Base.lproj/LaunchScreen.storyboard; sourceTree = "<group>"; };
		8636B539213A5E5700DA3684 /* Info.plist */ = {isa = PBXFileReference; lastKnownFileType = text.plist.xml; path = Info.plist; sourceTree = "<group>"; };
		8636B53E213A5E5700DA3684 /* flix_demo_03Tests.xctest */ = {isa = PBXFileReference; explicitFileType = wrapper.cfbundle; includeInIndex = 0; path = flix_demo_03Tests.xctest; sourceTree = BUILT_PRODUCTS_DIR; };
		8636B542213A5E5700DA3684 /* flix_demo_03Tests.swift */ = {isa = PBXFileReference; lastKnownFileType = sourcecode.swift; path = flix_demo_03Tests.swift; sourceTree = "<group>"; };
		8636B544213A5E5700DA3684 /* Info.plist */ = {isa = PBXFileReference; lastKnownFileType = text.plist.xml; path = Info.plist; sourceTree = "<group>"; };
		8636B549213A5E5700DA3684 /* flix_demo_03UITests.xctest */ = {isa = PBXFileReference; explicitFileType = wrapper.cfbundle; includeInIndex = 0; path = flix_demo_03UITests.xctest; sourceTree = BUILT_PRODUCTS_DIR; };
		8636B54D213A5E5700DA3684 /* flix_demo_03UITests.swift */ = {isa = PBXFileReference; lastKnownFileType = sourcecode.swift; path = flix_demo_03UITests.swift; sourceTree = "<group>"; };
		8636B54F213A5E5700DA3684 /* Info.plist */ = {isa = PBXFileReference; lastKnownFileType = text.plist.xml; path = Info.plist; sourceTree = "<group>"; };
		8684117E2150177400EDF165 /* DetailViewController.swift */ = {isa = PBXFileReference; lastKnownFileType = sourcecode.swift; path = DetailViewController.swift; sourceTree = "<group>"; };
		86CC8E20214727E100CDE29C /* MovieCell.swift */ = {isa = PBXFileReference; lastKnownFileType = sourcecode.swift; path = MovieCell.swift; sourceTree = "<group>"; };
		86CC8E2421476B0100CDE29C /* NowPlayingViewControllerCollectionViewController.swift */ = {isa = PBXFileReference; lastKnownFileType = sourcecode.swift; path = NowPlayingViewControllerCollectionViewController.swift; sourceTree = "<group>"; };
		86EEA03C21530261007A397E /* PosterCell.swift */ = {isa = PBXFileReference; lastKnownFileType = sourcecode.swift; path = PosterCell.swift; sourceTree = "<group>"; };
		86EEA03E215302E8007A397E /* GridViewController.swift */ = {isa = PBXFileReference; lastKnownFileType = sourcecode.swift; path = GridViewController.swift; sourceTree = "<group>"; };
		93CFFADAF7F1CF639370AB4D /* Pods_flix_demo_03UITests.framework */ = {isa = PBXFileReference; explicitFileType = wrapper.framework; includeInIndex = 0; path = Pods_flix_demo_03UITests.framework; sourceTree = BUILT_PRODUCTS_DIR; };
		A47BE5F21CD7EBE8C5BB8A50 /* Pods-flix_demo_03Tests.release.xcconfig */ = {isa = PBXFileReference; includeInIndex = 1; lastKnownFileType = text.xcconfig; name = "Pods-flix_demo_03Tests.release.xcconfig"; path = "Pods/Target Support Files/Pods-flix_demo_03Tests/Pods-flix_demo_03Tests.release.xcconfig"; sourceTree = "<group>"; };
		CDA511628909CB0E87CF4D66 /* Pods_flix_demo_03Tests.framework */ = {isa = PBXFileReference; explicitFileType = wrapper.framework; includeInIndex = 0; path = Pods_flix_demo_03Tests.framework; sourceTree = BUILT_PRODUCTS_DIR; };
		EF3AAABEE1C8641629DDBD23 /* Pods-flix_demo_03.release.xcconfig */ = {isa = PBXFileReference; includeInIndex = 1; lastKnownFileType = text.xcconfig; name = "Pods-flix_demo_03.release.xcconfig"; path = "Pods/Target Support Files/Pods-flix_demo_03/Pods-flix_demo_03.release.xcconfig"; sourceTree = "<group>"; };
/* End PBXFileReference section */

/* Begin PBXFrameworksBuildPhase section */
		8636B527213A5E5400DA3684 /* Frameworks */ = {
			isa = PBXFrameworksBuildPhase;
			buildActionMask = 2147483647;
			files = (
				F98E6CBB5A50FAA94D5344C5 /* Pods_flix_demo_03.framework in Frameworks */,
			);
			runOnlyForDeploymentPostprocessing = 0;
		};
		8636B53B213A5E5700DA3684 /* Frameworks */ = {
			isa = PBXFrameworksBuildPhase;
			buildActionMask = 2147483647;
			files = (
				742B25F8F41F5A1926B9C2F7 /* Pods_flix_demo_03Tests.framework in Frameworks */,
			);
			runOnlyForDeploymentPostprocessing = 0;
		};
		8636B546213A5E5700DA3684 /* Frameworks */ = {
			isa = PBXFrameworksBuildPhase;
			buildActionMask = 2147483647;
			files = (
				C8F4A4DCB18BC995649DE801 /* Pods_flix_demo_03UITests.framework in Frameworks */,
			);
			runOnlyForDeploymentPostprocessing = 0;
		};
/* End PBXFrameworksBuildPhase section */

/* Begin PBXGroup section */
		31F77E6DFFA9B1C9785EEE04 /* Frameworks */ = {
			isa = PBXGroup;
			children = (
				2CCF09EE4E05097F0711CDF9 /* Pods_flix_demo_03.framework */,
				CDA511628909CB0E87CF4D66 /* Pods_flix_demo_03Tests.framework */,
				93CFFADAF7F1CF639370AB4D /* Pods_flix_demo_03UITests.framework */,
			);
			name = Frameworks;
			sourceTree = "<group>";
		};
		861DB31F221E1230003EC56C /* Models */ = {
			isa = PBXGroup;
			children = (
				8609AB832166DA91009DCD54 /* Movie.swift */,
				862652DC2207A93B00796F7D /* IMDB.swift */,
			);
			path = Models;
			sourceTree = "<group>";
		};
		8636B521213A5E5400DA3684 = {
			isa = PBXGroup;
			children = (
				8636B52C213A5E5400DA3684 /* flix_demo_03 */,
				8636B541213A5E5700DA3684 /* flix_demo_03Tests */,
				8636B54C213A5E5700DA3684 /* flix_demo_03UITests */,
				8636B52B213A5E5400DA3684 /* Products */,
				F4A67226E2BD367D350A1E06 /* Pods */,
				31F77E6DFFA9B1C9785EEE04 /* Frameworks */,
			);
			sourceTree = "<group>";
		};
		8636B52B213A5E5400DA3684 /* Products */ = {
			isa = PBXGroup;
			children = (
				8636B52A213A5E5400DA3684 /* flix_demo_03.app */,
				8636B53E213A5E5700DA3684 /* flix_demo_03Tests.xctest */,
				8636B549213A5E5700DA3684 /* flix_demo_03UITests.xctest */,
			);
			name = Products;
			sourceTree = "<group>";
		};
		8636B52C213A5E5400DA3684 /* flix_demo_03 */ = {
			isa = PBXGroup;
			children = (
				8684117D2150173200EDF165 /* Views */,
				8684117C2150171E00EDF165 /* ViewControllers */,
				861DB31F221E1230003EC56C /* Models */,
				8636B531213A5E5400DA3684 /* Main.storyboard */,
				8636B52D213A5E5400DA3684 /* AppDelegate.swift */,
				8636B534213A5E5700DA3684 /* Assets.xcassets */,
				8636B536213A5E5700DA3684 /* LaunchScreen.storyboard */,
				8636B539213A5E5700DA3684 /* Info.plist */,
			);
			path = flix_demo_03;
			sourceTree = "<group>";
		};
		8636B541213A5E5700DA3684 /* flix_demo_03Tests */ = {
			isa = PBXGroup;
			children = (
				8636B542213A5E5700DA3684 /* flix_demo_03Tests.swift */,
				8636B544213A5E5700DA3684 /* Info.plist */,
			);
			path = flix_demo_03Tests;
			sourceTree = "<group>";
		};
		8636B54C213A5E5700DA3684 /* flix_demo_03UITests */ = {
			isa = PBXGroup;
			children = (
				8636B54D213A5E5700DA3684 /* flix_demo_03UITests.swift */,
				8636B54F213A5E5700DA3684 /* Info.plist */,
			);
			path = flix_demo_03UITests;
			sourceTree = "<group>";
		};
		8684117C2150171E00EDF165 /* ViewControllers */ = {
			isa = PBXGroup;
			children = (
				8684117E2150177400EDF165 /* DetailViewController.swift */,
				86CC8E2421476B0100CDE29C /* NowPlayingViewControllerCollectionViewController.swift */,
				86EEA03E215302E8007A397E /* GridViewController.swift */,
				862652DA2206455600796F7D /* YouTubeTrailerViewController.swift */,
			);
			path = ViewControllers;
			sourceTree = "<group>";
		};
		8684117D2150173200EDF165 /* Views */ = {
			isa = PBXGroup;
			children = (
				86CC8E20214727E100CDE29C /* MovieCell.swift */,
				86EEA03C21530261007A397E /* PosterCell.swift */,
			);
			path = Views;
			sourceTree = "<group>";
		};
		F4A67226E2BD367D350A1E06 /* Pods */ = {
			isa = PBXGroup;
			children = (
				1F01F9DD230B9E600FF5B930 /* Pods-flix_demo_03.debug.xcconfig */,
				EF3AAABEE1C8641629DDBD23 /* Pods-flix_demo_03.release.xcconfig */,
				78052496BE006FB2338C38BB /* Pods-flix_demo_03Tests.debug.xcconfig */,
				A47BE5F21CD7EBE8C5BB8A50 /* Pods-flix_demo_03Tests.release.xcconfig */,
				83C5EE7C0D6B99ED7236C2DD /* Pods-flix_demo_03UITests.debug.xcconfig */,
				859AB3E1F4DEAE6CEADCB7D4 /* Pods-flix_demo_03UITests.release.xcconfig */,
			);
			name = Pods;
			sourceTree = "<group>";
		};
/* End PBXGroup section */

/* Begin PBXNativeTarget section */
		8636B529213A5E5400DA3684 /* flix_demo_03 */ = {
			isa = PBXNativeTarget;
			buildConfigurationList = 8636B552213A5E5700DA3684 /* Build configuration list for PBXNativeTarget "flix_demo_03" */;
			buildPhases = (
				818F55E640C94FB166EFFD18 /* [CP] Check Pods Manifest.lock */,
				8636B526213A5E5400DA3684 /* Sources */,
				8636B527213A5E5400DA3684 /* Frameworks */,
				8636B528213A5E5400DA3684 /* Resources */,
				CC45154F9A0A18A467B3E180 /* [CP] Embed Pods Frameworks */,
			);
			buildRules = (
			);
			dependencies = (
			);
			name = flix_demo_03;
			productName = flix_demo_03;
			productReference = 8636B52A213A5E5400DA3684 /* flix_demo_03.app */;
			productType = "com.apple.product-type.application";
		};
		8636B53D213A5E5700DA3684 /* flix_demo_03Tests */ = {
			isa = PBXNativeTarget;
			buildConfigurationList = 8636B555213A5E5700DA3684 /* Build configuration list for PBXNativeTarget "flix_demo_03Tests" */;
			buildPhases = (
				9FF54C6B497D7DA731C6D1C1 /* [CP] Check Pods Manifest.lock */,
				8636B53A213A5E5700DA3684 /* Sources */,
				8636B53B213A5E5700DA3684 /* Frameworks */,
				8636B53C213A5E5700DA3684 /* Resources */,
			);
			buildRules = (
			);
			dependencies = (
				8636B540213A5E5700DA3684 /* PBXTargetDependency */,
			);
			name = flix_demo_03Tests;
			productName = flix_demo_03Tests;
			productReference = 8636B53E213A5E5700DA3684 /* flix_demo_03Tests.xctest */;
			productType = "com.apple.product-type.bundle.unit-test";
		};
		8636B548213A5E5700DA3684 /* flix_demo_03UITests */ = {
			isa = PBXNativeTarget;
			buildConfigurationList = 8636B558213A5E5700DA3684 /* Build configuration list for PBXNativeTarget "flix_demo_03UITests" */;
			buildPhases = (
				C58368E980376B570F1DEEC1 /* [CP] Check Pods Manifest.lock */,
				8636B545213A5E5700DA3684 /* Sources */,
				8636B546213A5E5700DA3684 /* Frameworks */,
				8636B547213A5E5700DA3684 /* Resources */,
			);
			buildRules = (
			);
			dependencies = (
				8636B54B213A5E5700DA3684 /* PBXTargetDependency */,
			);
			name = flix_demo_03UITests;
			productName = flix_demo_03UITests;
			productReference = 8636B549213A5E5700DA3684 /* flix_demo_03UITests.xctest */;
			productType = "com.apple.product-type.bundle.ui-testing";
		};
/* End PBXNativeTarget section */

/* Begin PBXProject section */
		8636B522213A5E5400DA3684 /* Project object */ = {
			isa = PBXProject;
			attributes = {
				LastSwiftUpdateCheck = 0940;
				LastUpgradeCheck = 0940;
				ORGANIZATIONNAME = "WaiYanPhyo Hein";
				TargetAttributes = {
					8636B529213A5E5400DA3684 = {
						CreatedOnToolsVersion = 9.4.1;
						LastSwiftMigration = 1000;
						SystemCapabilities = {
							com.apple.BackgroundModes = {
								enabled = 0;
							};
						};
					};
					8636B53D213A5E5700DA3684 = {
						CreatedOnToolsVersion = 9.4.1;
						LastSwiftMigration = 1000;
						TestTargetID = 8636B529213A5E5400DA3684;
					};
					8636B548213A5E5700DA3684 = {
						CreatedOnToolsVersion = 9.4.1;
						LastSwiftMigration = 1000;
						TestTargetID = 8636B529213A5E5400DA3684;
					};
				};
			};
			buildConfigurationList = 8636B525213A5E5400DA3684 /* Build configuration list for PBXProject "flix_demo_03" */;
			compatibilityVersion = "Xcode 9.3";
			developmentRegion = en;
			hasScannedForEncodings = 0;
			knownRegions = (
				en,
				Base,
			);
			mainGroup = 8636B521213A5E5400DA3684;
			productRefGroup = 8636B52B213A5E5400DA3684 /* Products */;
			projectDirPath = "";
			projectRoot = "";
			targets = (
				8636B529213A5E5400DA3684 /* flix_demo_03 */,
				8636B53D213A5E5700DA3684 /* flix_demo_03Tests */,
				8636B548213A5E5700DA3684 /* flix_demo_03UITests */,
			);
		};
/* End PBXProject section */

/* Begin PBXResourcesBuildPhase section */
		8636B528213A5E5400DA3684 /* Resources */ = {
			isa = PBXResourcesBuildPhase;
			buildActionMask = 2147483647;
			files = (
				8636B538213A5E5700DA3684 /* LaunchScreen.storyboard in Resources */,
				8636B535213A5E5700DA3684 /* Assets.xcassets in Resources */,
				8636B533213A5E5400DA3684 /* Main.storyboard in Resources */,
			);
			runOnlyForDeploymentPostprocessing = 0;
		};
		8636B53C213A5E5700DA3684 /* Resources */ = {
			isa = PBXResourcesBuildPhase;
			buildActionMask = 2147483647;
			files = (
			);
			runOnlyForDeploymentPostprocessing = 0;
		};
		8636B547213A5E5700DA3684 /* Resources */ = {
			isa = PBXResourcesBuildPhase;
			buildActionMask = 2147483647;
			files = (
			);
			runOnlyForDeploymentPostprocessing = 0;
		};
/* End PBXResourcesBuildPhase section */

/* Begin PBXShellScriptBuildPhase section */
		818F55E640C94FB166EFFD18 /* [CP] Check Pods Manifest.lock */ = {
			isa = PBXShellScriptBuildPhase;
			buildActionMask = 2147483647;
			files = (
			);
			inputPaths = (
				"${PODS_PODFILE_DIR_PATH}/Podfile.lock",
				"${PODS_ROOT}/Manifest.lock",
			);
			name = "[CP] Check Pods Manifest.lock";
			outputPaths = (
				"$(DERIVED_FILE_DIR)/Pods-flix_demo_03-checkManifestLockResult.txt",
			);
			runOnlyForDeploymentPostprocessing = 0;
			shellPath = /bin/sh;
			shellScript = "diff \"${PODS_PODFILE_DIR_PATH}/Podfile.lock\" \"${PODS_ROOT}/Manifest.lock\" > /dev/null\nif [ $? != 0 ] ; then\n    # print error to STDERR\n    echo \"error: The sandbox is not in sync with the Podfile.lock. Run 'pod install' or update your CocoaPods installation.\" >&2\n    exit 1\nfi\n# This output is used by Xcode 'outputs' to avoid re-running this script phase.\necho \"SUCCESS\" > \"${SCRIPT_OUTPUT_FILE_0}\"\n";
			showEnvVarsInLog = 0;
		};
		9FF54C6B497D7DA731C6D1C1 /* [CP] Check Pods Manifest.lock */ = {
			isa = PBXShellScriptBuildPhase;
			buildActionMask = 2147483647;
			files = (
			);
			inputPaths = (
				"${PODS_PODFILE_DIR_PATH}/Podfile.lock",
				"${PODS_ROOT}/Manifest.lock",
			);
			name = "[CP] Check Pods Manifest.lock";
			outputPaths = (
				"$(DERIVED_FILE_DIR)/Pods-flix_demo_03Tests-checkManifestLockResult.txt",
			);
			runOnlyForDeploymentPostprocessing = 0;
			shellPath = /bin/sh;
			shellScript = "diff \"${PODS_PODFILE_DIR_PATH}/Podfile.lock\" \"${PODS_ROOT}/Manifest.lock\" > /dev/null\nif [ $? != 0 ] ; then\n    # print error to STDERR\n    echo \"error: The sandbox is not in sync with the Podfile.lock. Run 'pod install' or update your CocoaPods installation.\" >&2\n    exit 1\nfi\n# This output is used by Xcode 'outputs' to avoid re-running this script phase.\necho \"SUCCESS\" > \"${SCRIPT_OUTPUT_FILE_0}\"\n";
			showEnvVarsInLog = 0;
		};
		C58368E980376B570F1DEEC1 /* [CP] Check Pods Manifest.lock */ = {
			isa = PBXShellScriptBuildPhase;
			buildActionMask = 2147483647;
			files = (
			);
			inputPaths = (
				"${PODS_PODFILE_DIR_PATH}/Podfile.lock",
				"${PODS_ROOT}/Manifest.lock",
			);
			name = "[CP] Check Pods Manifest.lock";
			outputPaths = (
				"$(DERIVED_FILE_DIR)/Pods-flix_demo_03UITests-checkManifestLockResult.txt",
			);
			runOnlyForDeploymentPostprocessing = 0;
			shellPath = /bin/sh;
			shellScript = "diff \"${PODS_PODFILE_DIR_PATH}/Podfile.lock\" \"${PODS_ROOT}/Manifest.lock\" > /dev/null\nif [ $? != 0 ] ; then\n    # print error to STDERR\n    echo \"error: The sandbox is not in sync with the Podfile.lock. Run 'pod install' or update your CocoaPods installation.\" >&2\n    exit 1\nfi\n# This output is used by Xcode 'outputs' to avoid re-running this script phase.\necho \"SUCCESS\" > \"${SCRIPT_OUTPUT_FILE_0}\"\n";
			showEnvVarsInLog = 0;
		};
		CC45154F9A0A18A467B3E180 /* [CP] Embed Pods Frameworks */ = {
			isa = PBXShellScriptBuildPhase;
			buildActionMask = 2147483647;
			files = (
			);
			inputPaths = (
				"${PODS_ROOT}/Target Support Files/Pods-flix_demo_03/Pods-flix_demo_03-frameworks.sh",
				"${BUILT_PRODUCTS_DIR}/Alamofire/Alamofire.framework",
				"${BUILT_PRODUCTS_DIR}/AlamofireImage/AlamofireImage.framework",
				"${BUILT_PRODUCTS_DIR}/KRActivityIndicatorView/KRActivityIndicatorView.framework",
				"${BUILT_PRODUCTS_DIR}/KRProgressHUD/KRProgressHUD.framework",
			);
			name = "[CP] Embed Pods Frameworks";
			outputPaths = (
				"${TARGET_BUILD_DIR}/${FRAMEWORKS_FOLDER_PATH}/Alamofire.framework",
				"${TARGET_BUILD_DIR}/${FRAMEWORKS_FOLDER_PATH}/AlamofireImage.framework",
				"${TARGET_BUILD_DIR}/${FRAMEWORKS_FOLDER_PATH}/KRActivityIndicatorView.framework",
				"${TARGET_BUILD_DIR}/${FRAMEWORKS_FOLDER_PATH}/KRProgressHUD.framework",
			);
			runOnlyForDeploymentPostprocessing = 0;
			shellPath = /bin/sh;
			shellScript = "\"${PODS_ROOT}/Target Support Files/Pods-flix_demo_03/Pods-flix_demo_03-frameworks.sh\"\n";
			showEnvVarsInLog = 0;
		};
/* End PBXShellScriptBuildPhase section */

/* Begin PBXSourcesBuildPhase section */
		8636B526213A5E5400DA3684 /* Sources */ = {
			isa = PBXSourcesBuildPhase;
			buildActionMask = 2147483647;
			files = (
				86CC8E21214727E100CDE29C /* MovieCell.swift in Sources */,
				86EEA03D21530261007A397E /* PosterCell.swift in Sources */,
				86EEA03F215302E8007A397E /* GridViewController.swift in Sources */,
				8684117F2150177400EDF165 /* DetailViewController.swift in Sources */,
				862652DB2206455600796F7D /* YouTubeTrailerViewController.swift in Sources */,
				8636B52E213A5E5400DA3684 /* AppDelegate.swift in Sources */,
				8609AB842166DA91009DCD54 /* Movie.swift in Sources */,
				86CC8E2521476B0100CDE29C /* NowPlayingViewControllerCollectionViewController.swift in Sources */,
				862652DD2207A93B00796F7D /* IMDB.swift in Sources */,
			);
			runOnlyForDeploymentPostprocessing = 0;
		};
		8636B53A213A5E5700DA3684 /* Sources */ = {
			isa = PBXSourcesBuildPhase;
			buildActionMask = 2147483647;
			files = (
				8636B543213A5E5700DA3684 /* flix_demo_03Tests.swift in Sources */,
			);
			runOnlyForDeploymentPostprocessing = 0;
		};
		8636B545213A5E5700DA3684 /* Sources */ = {
			isa = PBXSourcesBuildPhase;
			buildActionMask = 2147483647;
			files = (
				8636B54E213A5E5700DA3684 /* flix_demo_03UITests.swift in Sources */,
			);
			runOnlyForDeploymentPostprocessing = 0;
		};
/* End PBXSourcesBuildPhase section */

/* Begin PBXTargetDependency section */
		8636B540213A5E5700DA3684 /* PBXTargetDependency */ = {
			isa = PBXTargetDependency;
			target = 8636B529213A5E5400DA3684 /* flix_demo_03 */;
			targetProxy = 8636B53F213A5E5700DA3684 /* PBXContainerItemProxy */;
		};
		8636B54B213A5E5700DA3684 /* PBXTargetDependency */ = {
			isa = PBXTargetDependency;
			target = 8636B529213A5E5400DA3684 /* flix_demo_03 */;
			targetProxy = 8636B54A213A5E5700DA3684 /* PBXContainerItemProxy */;
		};
/* End PBXTargetDependency section */

/* Begin PBXVariantGroup section */
		8636B531213A5E5400DA3684 /* Main.storyboard */ = {
			isa = PBXVariantGroup;
			children = (
				86134178214877150035B3FB /* en */,
			);
			name = Main.storyboard;
			sourceTree = "<group>";
		};
		8636B536213A5E5700DA3684 /* LaunchScreen.storyboard */ = {
			isa = PBXVariantGroup;
			children = (
				8636B537213A5E5700DA3684 /* Base */,
			);
			name = LaunchScreen.storyboard;
			sourceTree = "<group>";
		};
/* End PBXVariantGroup section */

/* Begin XCBuildConfiguration section */
		8636B550213A5E5700DA3684 /* Debug */ = {
			isa = XCBuildConfiguration;
			buildSettings = {
				ALWAYS_SEARCH_USER_PATHS = NO;
				CLANG_ANALYZER_NONNULL = YES;
				CLANG_ANALYZER_NUMBER_OBJECT_CONVERSION = YES_AGGRESSIVE;
				CLANG_CXX_LANGUAGE_STANDARD = "gnu++14";
				CLANG_CXX_LIBRARY = "libc++";
				CLANG_ENABLE_MODULES = YES;
				CLANG_ENABLE_OBJC_ARC = YES;
				CLANG_ENABLE_OBJC_WEAK = YES;
				CLANG_WARN_BLOCK_CAPTURE_AUTORELEASING = YES;
				CLANG_WARN_BOOL_CONVERSION = YES;
				CLANG_WARN_COMMA = YES;
				CLANG_WARN_CONSTANT_CONVERSION = YES;
				CLANG_WARN_DEPRECATED_OBJC_IMPLEMENTATIONS = YES;
				CLANG_WARN_DIRECT_OBJC_ISA_USAGE = YES_ERROR;
				CLANG_WARN_DOCUMENTATION_COMMENTS = YES;
				CLANG_WARN_EMPTY_BODY = YES;
				CLANG_WARN_ENUM_CONVERSION = YES;
				CLANG_WARN_INFINITE_RECURSION = YES;
				CLANG_WARN_INT_CONVERSION = YES;
				CLANG_WARN_NON_LITERAL_NULL_CONVERSION = YES;
				CLANG_WARN_OBJC_IMPLICIT_RETAIN_SELF = YES;
				CLANG_WARN_OBJC_LITERAL_CONVERSION = YES;
				CLANG_WARN_OBJC_ROOT_CLASS = YES_ERROR;
				CLANG_WARN_RANGE_LOOP_ANALYSIS = YES;
				CLANG_WARN_STRICT_PROTOTYPES = YES;
				CLANG_WARN_SUSPICIOUS_MOVE = YES;
				CLANG_WARN_UNGUARDED_AVAILABILITY = YES_AGGRESSIVE;
				CLANG_WARN_UNREACHABLE_CODE = YES;
				CLANG_WARN__DUPLICATE_METHOD_MATCH = YES;
				CODE_SIGN_IDENTITY = "iPhone Developer";
				COPY_PHASE_STRIP = NO;
				DEBUG_INFORMATION_FORMAT = dwarf;
				ENABLE_STRICT_OBJC_MSGSEND = YES;
				ENABLE_TESTABILITY = YES;
				GCC_C_LANGUAGE_STANDARD = gnu11;
				GCC_DYNAMIC_NO_PIC = NO;
				GCC_NO_COMMON_BLOCKS = YES;
				GCC_OPTIMIZATION_LEVEL = 0;
				GCC_PREPROCESSOR_DEFINITIONS = (
					"DEBUG=1",
					"$(inherited)",
				);
				GCC_WARN_64_TO_32_BIT_CONVERSION = YES;
				GCC_WARN_ABOUT_RETURN_TYPE = YES_ERROR;
				GCC_WARN_UNDECLARED_SELECTOR = YES;
				GCC_WARN_UNINITIALIZED_AUTOS = YES_AGGRESSIVE;
				GCC_WARN_UNUSED_FUNCTION = YES;
				GCC_WARN_UNUSED_VARIABLE = YES;
				IPHONEOS_DEPLOYMENT_TARGET = 11.4;
				MTL_ENABLE_DEBUG_INFO = YES;
				ONLY_ACTIVE_ARCH = YES;
				SDKROOT = iphoneos;
				SWIFT_ACTIVE_COMPILATION_CONDITIONS = DEBUG;
				SWIFT_OPTIMIZATION_LEVEL = "-Onone";
			};
			name = Debug;
		};
		8636B551213A5E5700DA3684 /* Release */ = {
			isa = XCBuildConfiguration;
			buildSettings = {
				ALWAYS_SEARCH_USER_PATHS = NO;
				CLANG_ANALYZER_NONNULL = YES;
				CLANG_ANALYZER_NUMBER_OBJECT_CONVERSION = YES_AGGRESSIVE;
				CLANG_CXX_LANGUAGE_STANDARD = "gnu++14";
				CLANG_CXX_LIBRARY = "libc++";
				CLANG_ENABLE_MODULES = YES;
				CLANG_ENABLE_OBJC_ARC = YES;
				CLANG_ENABLE_OBJC_WEAK = YES;
				CLANG_WARN_BLOCK_CAPTURE_AUTORELEASING = YES;
				CLANG_WARN_BOOL_CONVERSION = YES;
				CLANG_WARN_COMMA = YES;
				CLANG_WARN_CONSTANT_CONVERSION = YES;
				CLANG_WARN_DEPRECATED_OBJC_IMPLEMENTATIONS = YES;
				CLANG_WARN_DIRECT_OBJC_ISA_USAGE = YES_ERROR;
				CLANG_WARN_DOCUMENTATION_COMMENTS = YES;
				CLANG_WARN_EMPTY_BODY = YES;
				CLANG_WARN_ENUM_CONVERSION = YES;
				CLANG_WARN_INFINITE_RECURSION = YES;
				CLANG_WARN_INT_CONVERSION = YES;
				CLANG_WARN_NON_LITERAL_NULL_CONVERSION = YES;
				CLANG_WARN_OBJC_IMPLICIT_RETAIN_SELF = YES;
				CLANG_WARN_OBJC_LITERAL_CONVERSION = YES;
				CLANG_WARN_OBJC_ROOT_CLASS = YES_ERROR;
				CLANG_WARN_RANGE_LOOP_ANALYSIS = YES;
				CLANG_WARN_STRICT_PROTOTYPES = YES;
				CLANG_WARN_SUSPICIOUS_MOVE = YES;
				CLANG_WARN_UNGUARDED_AVAILABILITY = YES_AGGRESSIVE;
				CLANG_WARN_UNREACHABLE_CODE = YES;
				CLANG_WARN__DUPLICATE_METHOD_MATCH = YES;
				CODE_SIGN_IDENTITY = "iPhone Developer";
				COPY_PHASE_STRIP = NO;
				DEBUG_INFORMATION_FORMAT = "dwarf-with-dsym";
				ENABLE_NS_ASSERTIONS = NO;
				ENABLE_STRICT_OBJC_MSGSEND = YES;
				GCC_C_LANGUAGE_STANDARD = gnu11;
				GCC_NO_COMMON_BLOCKS = YES;
				GCC_WARN_64_TO_32_BIT_CONVERSION = YES;
				GCC_WARN_ABOUT_RETURN_TYPE = YES_ERROR;
				GCC_WARN_UNDECLARED_SELECTOR = YES;
				GCC_WARN_UNINITIALIZED_AUTOS = YES_AGGRESSIVE;
				GCC_WARN_UNUSED_FUNCTION = YES;
				GCC_WARN_UNUSED_VARIABLE = YES;
				IPHONEOS_DEPLOYMENT_TARGET = 11.4;
				MTL_ENABLE_DEBUG_INFO = NO;
				SDKROOT = iphoneos;
				SWIFT_COMPILATION_MODE = wholemodule;
				SWIFT_OPTIMIZATION_LEVEL = "-O";
				VALIDATE_PRODUCT = YES;
			};
			name = Release;
		};
		8636B553213A5E5700DA3684 /* Debug */ = {
			isa = XCBuildConfiguration;
			baseConfigurationReference = 1F01F9DD230B9E600FF5B930 /* Pods-flix_demo_03.debug.xcconfig */;
			buildSettings = {
				ASSETCATALOG_COMPILER_APPICON_NAME = AppIcon;
				CODE_SIGN_STYLE = Manual;
				DEVELOPMENT_TEAM = "";
				INFOPLIST_FILE = flix_demo_03/Info.plist;
				IPHONEOS_DEPLOYMENT_TARGET = 12.1;
				LD_RUNPATH_SEARCH_PATHS = (
					"$(inherited)",
					"@executable_path/Frameworks",
				);
				PRODUCT_BUNDLE_IDENTIFIER = "com.codepath.flix-demo-03";
				PRODUCT_NAME = "$(TARGET_NAME)";
				PROVISIONING_PROFILE_SPECIFIER = "";
				SWIFT_VERSION = 4.2;
				TARGETED_DEVICE_FAMILY = "1,2";
			};
			name = Debug;
		};
		8636B554213A5E5700DA3684 /* Release */ = {
			isa = XCBuildConfiguration;
			baseConfigurationReference = EF3AAABEE1C8641629DDBD23 /* Pods-flix_demo_03.release.xcconfig */;
			buildSettings = {
				ASSETCATALOG_COMPILER_APPICON_NAME = AppIcon;
				CODE_SIGN_STYLE = Manual;
				DEVELOPMENT_TEAM = "";
				INFOPLIST_FILE = flix_demo_03/Info.plist;
				IPHONEOS_DEPLOYMENT_TARGET = 12.1;
				LD_RUNPATH_SEARCH_PATHS = (
					"$(inherited)",
					"@executable_path/Frameworks",
				);
				PRODUCT_BUNDLE_IDENTIFIER = "com.codepath.flix-demo-03";
				PRODUCT_NAME = "$(TARGET_NAME)";
				PROVISIONING_PROFILE_SPECIFIER = "";
				SWIFT_VERSION = 4.2;
				TARGETED_DEVICE_FAMILY = "1,2";
			};
			name = Release;
		};
		8636B556213A5E5700DA3684 /* Debug */ = {
			isa = XCBuildConfiguration;
			baseConfigurationReference = 78052496BE006FB2338C38BB /* Pods-flix_demo_03Tests.debug.xcconfig */;
			buildSettings = {
				ALWAYS_EMBED_SWIFT_STANDARD_LIBRARIES = YES;
				BUNDLE_LOADER = "$(TEST_HOST)";
				CODE_SIGN_STYLE = Automatic;
				DEVELOPMENT_TEAM = HAF85GW48Z;
				INFOPLIST_FILE = flix_demo_03Tests/Info.plist;
				LD_RUNPATH_SEARCH_PATHS = (
					"$(inherited)",
					"@executable_path/Frameworks",
					"@loader_path/Frameworks",
				);
				PRODUCT_BUNDLE_IDENTIFIER = "com.codepath.flix-demo-03Tests";
				PRODUCT_NAME = "$(TARGET_NAME)";
				SWIFT_VERSION = 4.2;
				TARGETED_DEVICE_FAMILY = "1,2";
				TEST_HOST = "$(BUILT_PRODUCTS_DIR)/flix_demo_03.app/flix_demo_03";
			};
			name = Debug;
		};
		8636B557213A5E5700DA3684 /* Release */ = {
			isa = XCBuildConfiguration;
			baseConfigurationReference = A47BE5F21CD7EBE8C5BB8A50 /* Pods-flix_demo_03Tests.release.xcconfig */;
			buildSettings = {
				ALWAYS_EMBED_SWIFT_STANDARD_LIBRARIES = YES;
				BUNDLE_LOADER = "$(TEST_HOST)";
				CODE_SIGN_STYLE = Automatic;
				DEVELOPMENT_TEAM = HAF85GW48Z;
				INFOPLIST_FILE = flix_demo_03Tests/Info.plist;
				LD_RUNPATH_SEARCH_PATHS = (
					"$(inherited)",
					"@executable_path/Frameworks",
					"@loader_path/Frameworks",
				);
				PRODUCT_BUNDLE_IDENTIFIER = "com.codepath.flix-demo-03Tests";
				PRODUCT_NAME = "$(TARGET_NAME)";
				SWIFT_VERSION = 4.2;
				TARGETED_DEVICE_FAMILY = "1,2";
				TEST_HOST = "$(BUILT_PRODUCTS_DIR)/flix_demo_03.app/flix_demo_03";
			};
			name = Release;
		};
		8636B559213A5E5700DA3684 /* Debug */ = {
			isa = XCBuildConfiguration;
			baseConfigurationReference = 83C5EE7C0D6B99ED7236C2DD /* Pods-flix_demo_03UITests.debug.xcconfig */;
			buildSettings = {
				ALWAYS_EMBED_SWIFT_STANDARD_LIBRARIES = YES;
				CODE_SIGN_STYLE = Automatic;
				DEVELOPMENT_TEAM = HAF85GW48Z;
				INFOPLIST_FILE = flix_demo_03UITests/Info.plist;
				LD_RUNPATH_SEARCH_PATHS = (
					"$(inherited)",
					"@executable_path/Frameworks",
					"@loader_path/Frameworks",
				);
				PRODUCT_BUNDLE_IDENTIFIER = "com.codepath.flix-demo-03UITests";
				PRODUCT_NAME = "$(TARGET_NAME)";
				SWIFT_VERSION = 4.2;
				TARGETED_DEVICE_FAMILY = "1,2";
				TEST_TARGET_NAME = flix_demo_03;
			};
			name = Debug;
		};
		8636B55A213A5E5700DA3684 /* Release */ = {
			isa = XCBuildConfiguration;
			baseConfigurationReference = 859AB3E1F4DEAE6CEADCB7D4 /* Pods-flix_demo_03UITests.release.xcconfig */;
			buildSettings = {
				ALWAYS_EMBED_SWIFT_STANDARD_LIBRARIES = YES;
				CODE_SIGN_STYLE = Automatic;
				DEVELOPMENT_TEAM = HAF85GW48Z;
				INFOPLIST_FILE = flix_demo_03UITests/Info.plist;
				LD_RUNPATH_SEARCH_PATHS = (
					"$(inherited)",
					"@executable_path/Frameworks",
					"@loader_path/Frameworks",
				);
				PRODUCT_BUNDLE_IDENTIFIER = "com.codepath.flix-demo-03UITests";
				PRODUCT_NAME = "$(TARGET_NAME)";
				SWIFT_VERSION = 4.2;
				TARGETED_DEVICE_FAMILY = "1,2";
				TEST_TARGET_NAME = flix_demo_03;
			};
			name = Release;
		};
/* End XCBuildConfiguration section */

/* Begin XCConfigurationList section */
		8636B525213A5E5400DA3684 /* Build configuration list for PBXProject "flix_demo_03" */ = {
			isa = XCConfigurationList;
			buildConfigurations = (
				8636B550213A5E5700DA3684 /* Debug */,
				8636B551213A5E5700DA3684 /* Release */,
			);
			defaultConfigurationIsVisible = 0;
			defaultConfigurationName = Release;
		};
		8636B552213A5E5700DA3684 /* Build configuration list for PBXNativeTarget "flix_demo_03" */ = {
			isa = XCConfigurationList;
			buildConfigurations = (
				8636B553213A5E5700DA3684 /* Debug */,
				8636B554213A5E5700DA3684 /* Release */,
			);
			defaultConfigurationIsVisible = 0;
			defaultConfigurationName = Release;
		};
		8636B555213A5E5700DA3684 /* Build configuration list for PBXNativeTarget "flix_demo_03Tests" */ = {
			isa = XCConfigurationList;
			buildConfigurations = (
				8636B556213A5E5700DA3684 /* Debug */,
				8636B557213A5E5700DA3684 /* Release */,
			);
			defaultConfigurationIsVisible = 0;
			defaultConfigurationName = Release;
		};
		8636B558213A5E5700DA3684 /* Build configuration list for PBXNativeTarget "flix_demo_03UITests" */ = {
			isa = XCConfigurationList;
			buildConfigurations = (
				8636B559213A5E5700DA3684 /* Debug */,
				8636B55A213A5E5700DA3684 /* Release */,
			);
			defaultConfigurationIsVisible = 0;
			defaultConfigurationName = Release;
		};
/* End XCConfigurationList section */
	};
	rootObject = 8636B522213A5E5400DA3684 /* Project object */;
}
